
Microsoft Visual Studio Solution File, Format Version 12.00
# Visual Studio Version 17
VisualStudioVersion = 17.5.001.0
MinimumVisualStudioVersion = 10.0.40219.1
Project("{9A19103F-16F7-4668-BE54-9A1E7A4F7556}") = "c#-d01", "c#-d01.csproj", "{490B930F-7FF1-42F5-9772-8F59AE89F7BD}"
EndProject
Global
	GlobalSection(SolutionConfigurationPlatforms) = preSolution
		Debug|Any CPU = Debug|Any CPU
		Release|Any CPU = Release|Any CPU
	EndGlobalSection
	GlobalSection(ProjectConfigurationPlatforms) = postSolution
		{490B930F-7FF1-42F5-9772-8F59AE89F7BD}.Debug|Any CPU.ActiveCfg = Debug|Any CPU
		{490B930F-7FF1-42F5-9772-8F59AE89F7BD}.Debug|Any CPU.Build.0 = Debug|Any CPU
		{490B930F-7FF1-42F5-9772-8F59AE89F7BD}.Release|Any CPU.ActiveCfg = Release|Any CPU
		{490B930F-7FF1-42F5-9772-8F59AE89F7BD}.Release|Any CPU.Build.0 = Release|Any CPU
	EndGlobalSection
	GlobalSection(SolutionProperties) = preSolution
		HideSolutionNode = FALSE
	EndGlobalSection
	GlobalSection(ExtensibilityGlobals) = postSolution
		SolutionGuid = {5619B0F9-7794-4769-9490-5D59A98C9592}
	EndGlobalSection
EndGlobal
